
Microsoft Visual Studio Solution File, Format Version 12.00
# Visual Studio 2012
Project("{D954291E-2A0B-460D-934E-DC6B0785DB48}") = "SplashScreen", "SplashScreen\SplashScreen.shproj", "{BFF98795-ABE4-4862-A98A-5966B024A679}"
EndProject
Project("{FAE04EC0-301F-11D3-BF4B-00C04F79EFBC}") = "SplashScreen.iOS", "iOS\SplashScreen.iOS.csproj", "{A06E1C43-E45A-430F-94A9-F4AAEFD2486D}"
EndProject
Project("{FAE04EC0-301F-11D3-BF4B-00C04F79EFBC}") = "SplashScreen.Droid", "Droid\SplashScreen.Droid.csproj", "{7FBCF008-AC69-4DA7-BE97-320E10BA3E69}"
EndProject
Global
	GlobalSection(SolutionConfigurationPlatforms) = preSolution
		Debug|iPhoneSimulator = Debug|iPhoneSimulator
		Release|iPhone = Release|iPhone
		Release|iPhoneSimulator = Release|iPhoneSimulator
		Debug|iPhone = Debug|iPhone
		Debug|Any CPU = Debug|Any CPU
		Release|Any CPU = Release|Any CPU
	EndGlobalSection
	GlobalSection(ProjectConfigurationPlatforms) = postSolution
		{A06E1C43-E45A-430F-94A9-F4AAEFD2486D}.Debug|iPhoneSimulator.ActiveCfg = Debug|iPhoneSimulator
		{A06E1C43-E45A-430F-94A9-F4AAEFD2486D}.Debug|iPhoneSimulator.Build.0 = Debug|iPhoneSimulator
		{A06E1C43-E45A-430F-94A9-F4AAEFD2486D}.Release|iPhone.ActiveCfg = Release|iPhone
		{A06E1C43-E45A-430F-94A9-F4AAEFD2486D}.Release|iPhone.Build.0 = Release|iPhone
		{A06E1C43-E45A-430F-94A9-F4AAEFD2486D}.Release|iPhoneSimulator.ActiveCfg = Release|iPhoneSimulator
		{A06E1C43-E45A-430F-94A9-F4AAEFD2486D}.Release|iPhoneSimulator.Build.0 = Release|iPhoneSimulator
		{A06E1C43-E45A-430F-94A9-F4AAEFD2486D}.Debug|iPhone.ActiveCfg = Debug|iPhone
		{A06E1C43-E45A-430F-94A9-F4AAEFD2486D}.Debug|iPhone.Build.0 = Debug|iPhone
		{A06E1C43-E45A-430F-94A9-F4AAEFD2486D}.Debug|Any CPU.ActiveCfg = Debug|iPhoneSimulator
		{A06E1C43-E45A-430F-94A9-F4AAEFD2486D}.Debug|Any CPU.Build.0 = Debug|iPhoneSimulator
		{A06E1C43-E45A-430F-94A9-F4AAEFD2486D}.Release|Any CPU.ActiveCfg = Release|iPhone
		{A06E1C43-E45A-430F-94A9-F4AAEFD2486D}.Release|Any CPU.Build.0 = Release|iPhone
		{7FBCF008-AC69-4DA7-BE97-320E10BA3E69}.Debug|iPhoneSimulator.ActiveCfg = Debug|Any CPU
		{7FBCF008-AC69-4DA7-BE97-320E10BA3E69}.Debug|iPhoneSimulator.Build.0 = Debug|Any CPU
		{7FBCF008-AC69-4DA7-BE97-320E10BA3E69}.Release|iPhone.ActiveCfg = Release|Any CPU
		{7FBCF008-AC69-4DA7-BE97-320E10BA3E69}.Release|iPhone.Build.0 = Release|Any CPU
		{7FBCF008-AC69-4DA7-BE97-320E10BA3E69}.Release|iPhoneSimulator.ActiveCfg = Release|Any CPU
		{7FBCF008-AC69-4DA7-BE97-320E10BA3E69}.Release|iPhoneSimulator.Build.0 = Release|Any CPU
		{7FBCF008-AC69-4DA7-BE97-320E10BA3E69}.Debug|iPhone.ActiveCfg = Debug|Any CPU
		{7FBCF008-AC69-4DA7-BE97-320E10BA3E69}.Debug|iPhone.Build.0 = Debug|Any CPU
		{7FBCF008-AC69-4DA7-BE97-320E10BA3E69}.Debug|Any CPU.ActiveCfg = Debug|Any CPU
		{7FBCF008-AC69-4DA7-BE97-320E10BA3E69}.Debug|Any CPU.Build.0 = Debug|Any CPU
		{7FBCF008-AC69-4DA7-BE97-320E10BA3E69}.Release|Any CPU.ActiveCfg = Release|Any CPU
		{7FBCF008-AC69-4DA7-BE97-320E10BA3E69}.Release|Any CPU.Build.0 = Release|Any CPU
	EndGlobalSection
EndGlobal
